{
    "_readme": [
        "This file locks the dependencies of your project to a known state",
        "Read more about it at https://getcomposer.org/doc/01-basic-usage.md#installing-dependencies",
        "This file is @generated automatically"
    ],
    "content-hash": "c482d3819d69d7e4a9ef5ac375d3c160",
    "packages": [
        {
            "name": "pierreminiggio/github-action-run",
            "version": "2.0.0",
            "source": {
                "type": "git",
                "url": "https://github.com/pierreminiggio/php-github-action-run.git",
                "reference": "b9d354a52eae522e6f778029367c71aeabe68389"
            },
            "dist": {
                "type": "zip",
                "url": "https://api.github.com/repos/pierreminiggio/php-github-action-run/zipball/b9d354a52eae522e6f778029367c71aeabe68389",
                "reference": "b9d354a52eae522e6f778029367c71aeabe68389",
                "shasum": ""
            },
            "require": {
                "php": ">=7.4.0",
                "pierreminiggio/github-statuses-enum": "^2.0"
            },
            "type": "library",
            "autoload": {
                "psr-4": {
                    "PierreMiniggio\\GithubActionRun\\": "src/"
                }
            },
            "notification-url": "https://packagist.org/downloads/",
            "authors": [
                {
                    "name": "Pierre MINIGGIO",
                    "email": "pierre@miniggiodev.fr"
                }
            ],
            "support": {
                "issues": "https://github.com/pierreminiggio/php-github-action-run/issues",
                "source": "https://github.com/pierreminiggio/php-github-action-run/tree/2.0.0"
            },
            "time": "2022-05-29T19:58:26+00:00"
        },
        {
            "name": "pierreminiggio/github-statuses-enum",
            "version": "2.0.0",
            "source": {
                "type": "git",
                "url": "https://github.com/pierreminiggio/php-github-statuses-enum.git",
                "reference": "94dd07911d379698f1ca655044ee6b0de2dbd748"
            },
            "dist": {
                "type": "zip",
                "url": "https://api.github.com/repos/pierreminiggio/php-github-statuses-enum/zipball/94dd07911d379698f1ca655044ee6b0de2dbd748",
                "reference": "94dd07911d379698f1ca655044ee6b0de2dbd748",
                "shasum": ""
            },
            "require": {
                "php": ">=7.4.0"
            },
            "type": "library",
            "autoload": {
                "psr-4": {
                    "PierreMiniggio\\GithubStatusesEnum\\": "src/"
                }
            },
            "notification-url": "https://packagist.org/downloads/",
            "authors": [
                {
                    "name": "Pierre MINIGGIO",
                    "email": "pierre@miniggiodev.fr"
                }
            ],
            "support": {
                "issues": "https://github.com/pierreminiggio/php-github-statuses-enum/issues",
                "source": "https://github.com/pierreminiggio/php-github-statuses-enum/tree/2.0.0"
            },
            "time": "2022-05-29T19:56:55+00:00"
        },
        {
            "name": "pierreminiggio/github-user-agent",
            "version": "2.0.0",
            "source": {
                "type": "git",
                "url": "https://github.com/pierreminiggio/php-github-user-agent.git",
                "reference": "29dafa6b033084180ff7ba7471698335e37c0cba"
            },
            "dist": {
                "type": "zip",
                "url": "https://api.github.com/repos/pierreminiggio/php-github-user-agent/zipball/29dafa6b033084180ff7ba7471698335e37c0cba",
                "reference": "29dafa6b033084180ff7ba7471698335e37c0cba",
                "shasum": ""
            },
            "require": {
                "php": ">=7.4.0"
            },
            "type": "library",
            "autoload": {
                "psr-4": {
                    "PierreMiniggio\\GithubUserAgent\\": "src/"
                }
            },
            "notification-url": "https://packagist.org/downloads/",
            "authors": [
                {
                    "name": "Pierre MINIGGIO",
                    "email": "pierre@miniggiodev.fr"
                }
            ],
            "support": {
                "issues": "https://github.com/pierreminiggio/php-github-user-agent/issues",
                "source": "https://github.com/pierreminiggio/php-github-user-agent/tree/2.0.0"
            },
            "time": "2022-05-29T19:54:25+00:00"
        }
    ],
    "packages-dev": [],
    "aliases": [],
    "minimum-stability": "stable",
    "stability-flags": [],
    "prefer-stable": false,
    "prefer-lowest": false,
    "platform": {
        "php": ">=7.4.0"
    },
    "platform-dev": [],
    "plugin-api-version": "2.0.0"
}
